# This file is autogenerated, do not edit; changes may be undone by the next 'dep ensure'.


[[projects]]
  digest = "1:cb53653e4e410ef91f3a83568464ef966e1732ad9a00b2719571f90eae9a15a7"
  name = "github.com/go-chi/chi"
  packages = [
    ".",
    "middleware",
  ]
  pruneopts = "UT"
  revision = "08d9051ef6546d57c5dca8eae13e6df362e2d568"
  version = "v3.3.4"

[[projects]]
  digest = "1:21dabeaca9843d626ae5463d7039952915732cbb19f8c0f2f0a8386a65da8265"
  name = "github.com/go-chi/docgen"
  packages = ["."]
  pruneopts = "UT"
  revision = "37388337149e698b11742f217b28acdc1bf52e1a"
  version = "v1.0.4"

[[projects]]
  digest = "1:54d7b4b9ab2bb2bae35b55eea900bc8fe15cba05a95fc78bf7fd7b82a9a07afa"
  name = "github.com/go-chi/render"
  packages = ["."]
  pruneopts = "UT"
  revision = "3215478343fbc559bd3fc08f7031bb134d6bdad5"
  version = "v1.0.1"

[solve-meta]
  analyzer-name = "dep"
  analyzer-version = 1
  input-imports = [
    "github.com/go-chi/chi",
    "github.com/go-chi/chi/middleware",
    "github.com/go-chi/docgen",
    "github.com/go-chi/render",
  ]
  solver-name = "gps-cdcl"
  solver-version = 1
